// !$*UTF8*$!
{
	archiveVersion = 1;
	classes = {
	};
	objectVersion = 55;
	objects = {

/* Begin PBXBuildFile section */
		35C3FDB966597389F189EED1 /* Pods_GithubRepository.framework in Frameworks */ = {isa = PBXBuildFile; fileRef = 44E42A28A1D5F8571E233B39 /* Pods_GithubRepository.framework */; };
		DEECA51127B5D7D9003D0553 /* AppDelegate.swift in Sources */ = {isa = PBXBuildFile; fileRef = DEECA51027B5D7D9003D0553 /* AppDelegate.swift */; };
		DEECA51327B5D7D9003D0553 /* SceneDelegate.swift in Sources */ = {isa = PBXBuildFile; fileRef = DEECA51227B5D7D9003D0553 /* SceneDelegate.swift */; };
		DEECA51A27B5D7D9003D0553 /* Assets.xcassets in Resources */ = {isa = PBXBuildFile; fileRef = DEECA51927B5D7D9003D0553 /* Assets.xcassets */; };
		DEECA51D27B5D7D9003D0553 /* LaunchScreen.storyboard in Resources */ = {isa = PBXBuildFile; fileRef = DEECA51B27B5D7D9003D0553 /* LaunchScreen.storyboard */; };
		DEFF87EC27B5E28F00831EDB /* RepositoryListViewController.swift in Sources */ = {isa = PBXBuildFile; fileRef = DEFF87EB27B5E28F00831EDB /* RepositoryListViewController.swift */; };
		DEFF87EE27B5E3F400831EDB /* RepositoryListCell.swift in Sources */ = {isa = PBXBuildFile; fileRef = DEFF87ED27B5E3F400831EDB /* RepositoryListCell.swift */; };
		DEFF87F127B5E45D00831EDB /* SnapKit in Frameworks */ = {isa = PBXBuildFile; productRef = DEFF87F027B5E45D00831EDB /* SnapKit */; };
		DEFF87F327B5E82400831EDB /* Repository.swift in Sources */ = {isa = PBXBuildFile; fileRef = DEFF87F227B5E82400831EDB /* Repository.swift */; };
/* End PBXBuildFile section */

/* Begin PBXFileReference section */
		156A779321BAC326BD730D37 /* Pods-GithubRepository.release.xcconfig */ = {isa = PBXFileReference; includeInIndex = 1; lastKnownFileType = text.xcconfig; name = "Pods-GithubRepository.release.xcconfig"; path = "Target Support Files/Pods-GithubRepository/Pods-GithubRepository.release.xcconfig"; sourceTree = "<group>"; };
		44E42A28A1D5F8571E233B39 /* Pods_GithubRepository.framework */ = {isa = PBXFileReference; explicitFileType = wrapper.framework; includeInIndex = 0; path = Pods_GithubRepository.framework; sourceTree = BUILT_PRODUCTS_DIR; };
		D469C51E63E5D7932E48E5A3 /* Pods-GithubRepository.debug.xcconfig */ = {isa = PBXFileReference; includeInIndex = 1; lastKnownFileType = text.xcconfig; name = "Pods-GithubRepository.debug.xcconfig"; path = "Target Support Files/Pods-GithubRepository/Pods-GithubRepository.debug.xcconfig"; sourceTree = "<group>"; };
		DEECA50D27B5D7D9003D0553 /* GithubRepository.app */ = {isa = PBXFileReference; explicitFileType = wrapper.application; includeInIndex = 0; path = GithubRepository.app; sourceTree = BUILT_PRODUCTS_DIR; };
		DEECA51027B5D7D9003D0553 /* AppDelegate.swift */ = {isa = PBXFileReference; lastKnownFileType = sourcecode.swift; path = AppDelegate.swift; sourceTree = "<group>"; };
		DEECA51227B5D7D9003D0553 /* SceneDelegate.swift */ = {isa = PBXFileReference; lastKnownFileType = sourcecode.swift; path = SceneDelegate.swift; sourceTree = "<group>"; };
		DEECA51927B5D7D9003D0553 /* Assets.xcassets */ = {isa = PBXFileReference; lastKnownFileType = folder.assetcatalog; path = Assets.xcassets; sourceTree = "<group>"; };
		DEECA51C27B5D7D9003D0553 /* Base */ = {isa = PBXFileReference; lastKnownFileType = file.storyboard; name = Base; path = Base.lproj/LaunchScreen.storyboard; sourceTree = "<group>"; };
		DEECA51E27B5D7D9003D0553 /* Info.plist */ = {isa = PBXFileReference; lastKnownFileType = text.plist.xml; path = Info.plist; sourceTree = "<group>"; };
		DEFF87EB27B5E28F00831EDB /* RepositoryListViewController.swift */ = {isa = PBXFileReference; lastKnownFileType = sourcecode.swift; path = RepositoryListViewController.swift; sourceTree = "<group>"; };
		DEFF87ED27B5E3F400831EDB /* RepositoryListCell.swift */ = {isa = PBXFileReference; lastKnownFileType = sourcecode.swift; path = RepositoryListCell.swift; sourceTree = "<group>"; };
		DEFF87F227B5E82400831EDB /* Repository.swift */ = {isa = PBXFileReference; lastKnownFileType = sourcecode.swift; path = Repository.swift; sourceTree = "<group>"; };
/* End PBXFileReference section */

/* Begin PBXFrameworksBuildPhase section */
		DEECA50A27B5D7D9003D0553 /* Frameworks */ = {
			isa = PBXFrameworksBuildPhase;
			buildActionMask = 2147483647;
			files = (
				35C3FDB966597389F189EED1 /* Pods_GithubRepository.framework in Frameworks */,
				DEFF87F127B5E45D00831EDB /* SnapKit in Frameworks */,
			);
			runOnlyForDeploymentPostprocessing = 0;
		};
/* End PBXFrameworksBuildPhase section */

/* Begin PBXGroup section */
		DEECA50427B5D7D9003D0553 = {
			isa = PBXGroup;
			children = (
				DEECA50F27B5D7D9003D0553 /* GithubRepository */,
				DEECA50E27B5D7D9003D0553 /* Products */,
				E615FC48F995EA1265EC2F9D /* Pods */,
				E2E94185FFE74EF210D33474 /* Frameworks */,
			);
			sourceTree = "<group>";
		};
		DEECA50E27B5D7D9003D0553 /* Products */ = {
			isa = PBXGroup;
			children = (
				DEECA50D27B5D7D9003D0553 /* GithubRepository.app */,
			);
			name = Products;
			sourceTree = "<group>";
		};
		DEECA50F27B5D7D9003D0553 /* GithubRepository */ = {
			isa = PBXGroup;
			children = (
				DEECA51027B5D7D9003D0553 /* AppDelegate.swift */,
				DEECA51227B5D7D9003D0553 /* SceneDelegate.swift */,
				DEFF87EB27B5E28F00831EDB /* RepositoryListViewController.swift */,
				DEFF87ED27B5E3F400831EDB /* RepositoryListCell.swift */,
				DEFF87F227B5E82400831EDB /* Repository.swift */,
				DEECA51927B5D7D9003D0553 /* Assets.xcassets */,
				DEECA51B27B5D7D9003D0553 /* LaunchScreen.storyboard */,
				DEECA51E27B5D7D9003D0553 /* Info.plist */,
			);
			path = GithubRepository;
			sourceTree = "<group>";
		};
		E2E94185FFE74EF210D33474 /* Frameworks */ = {
			isa = PBXGroup;
			children = (
				44E42A28A1D5F8571E233B39 /* Pods_GithubRepository.framework */,
			);
			name = Frameworks;
			sourceTree = "<group>";
		};
		E615FC48F995EA1265EC2F9D /* Pods */ = {
			isa = PBXGroup;
			children = (
				D469C51E63E5D7932E48E5A3 /* Pods-GithubRepository.debug.xcconfig */,
				156A779321BAC326BD730D37 /* Pods-GithubRepository.release.xcconfig */,
			);
			path = Pods;
			sourceTree = "<group>";
		};
/* End PBXGroup section */

/* Begin PBXNativeTarget section */
		DEECA50C27B5D7D9003D0553 /* GithubRepository */ = {
			isa = PBXNativeTarget;
			buildConfigurationList = DEECA52127B5D7D9003D0553 /* Build configuration list for PBXNativeTarget "GithubRepository" */;
			buildPhases = (
				8C65E47FACEAEB5D109C1E96 /* [CP] Check Pods Manifest.lock */,
				DEECA50927B5D7D9003D0553 /* Sources */,
				DEECA50A27B5D7D9003D0553 /* Frameworks */,
				DEECA50B27B5D7D9003D0553 /* Resources */,
				672C1F4559BEB79158B32BBF /* [CP] Embed Pods Frameworks */,
			);
			buildRules = (
			);
			dependencies = (
			);
			name = GithubRepository;
			packageProductDependencies = (
				DEFF87F027B5E45D00831EDB /* SnapKit */,
			);
			productName = GithubRepository;
			productReference = DEECA50D27B5D7D9003D0553 /* GithubRepository.app */;
			productType = "com.apple.product-type.application";
		};
/* End PBXNativeTarget section */

/* Begin PBXProject section */
		DEECA50527B5D7D9003D0553 /* Project object */ = {
			isa = PBXProject;
			attributes = {
				BuildIndependentTargetsInParallel = 1;
				LastSwiftUpdateCheck = 1320;
				LastUpgradeCheck = 1320;
				TargetAttributes = {
					DEECA50C27B5D7D9003D0553 = {
						CreatedOnToolsVersion = 13.2.1;
					};
				};
			};
			buildConfigurationList = DEECA50827B5D7D9003D0553 /* Build configuration list for PBXProject "GithubRepository" */;
			compatibilityVersion = "Xcode 13.0";
			developmentRegion = en;
			hasScannedForEncodings = 0;
			knownRegions = (
				en,
				Base,
			);
			mainGroup = DEECA50427B5D7D9003D0553;
			packageReferences = (
				DEFF87EF27B5E45D00831EDB /* XCRemoteSwiftPackageReference "SnapKit" */,
			);
			productRefGroup = DEECA50E27B5D7D9003D0553 /* Products */;
			projectDirPath = "";
			projectRoot = "";
			targets = (
				DEECA50C27B5D7D9003D0553 /* GithubRepository */,
			);
		};
/* End PBXProject section */

/* Begin PBXResourcesBuildPhase section */
		DEECA50B27B5D7D9003D0553 /* Resources */ = {
			isa = PBXResourcesBuildPhase;
			buildActionMask = 2147483647;
			files = (
				DEECA51D27B5D7D9003D0553 /* LaunchScreen.storyboard in Resources */,
				DEECA51A27B5D7D9003D0553 /* Assets.xcassets in Resources */,
			);
			runOnlyForDeploymentPostprocessing = 0;
		};
/* End PBXResourcesBuildPhase section */

/* Begin PBXShellScriptBuildPhase section */
		672C1F4559BEB79158B32BBF /* [CP] Embed Pods Frameworks */ = {
			isa = PBXShellScriptBuildPhase;
			buildActionMask = 2147483647;
			files = (
			);
			inputFileListPaths = (
				"${PODS_ROOT}/Target Support Files/Pods-GithubRepository/Pods-GithubRepository-frameworks-${CONFIGURATION}-input-files.xcfilelist",
			);
			name = "[CP] Embed Pods Frameworks";
			outputFileListPaths = (
				"${PODS_ROOT}/Target Support Files/Pods-GithubRepository/Pods-GithubRepository-frameworks-${CONFIGURATION}-output-files.xcfilelist",
			);
			runOnlyForDeploymentPostprocessing = 0;
			shellPath = /bin/sh;
			shellScript = "\"${PODS_ROOT}/Target Support Files/Pods-GithubRepository/Pods-GithubRepository-frameworks.sh\"\n";
			showEnvVarsInLog = 0;
		};
		8C65E47FACEAEB5D109C1E96 /* [CP] Check Pods Manifest.lock */ = {
			isa = PBXShellScriptBuildPhase;
			buildActionMask = 2147483647;
			files = (
			);
			inputFileListPaths = (
			);
			inputPaths = (
				"${PODS_PODFILE_DIR_PATH}/Podfile.lock",
				"${PODS_ROOT}/Manifest.lock",
			);
			name = "[CP] Check Pods Manifest.lock";
			outputFileListPaths = (
			);
			outputPaths = (
				"$(DERIVED_FILE_DIR)/Pods-GithubRepository-checkManifestLockResult.txt",
			);
			runOnlyForDeploymentPostprocessing = 0;
			shellPath = /bin/sh;
			shellScript = "diff \"${PODS_PODFILE_DIR_PATH}/Podfile.lock\" \"${PODS_ROOT}/Manifest.lock\" > /dev/null\nif [ $? != 0 ] ; then\n    # print error to STDERR\n    echo \"error: The sandbox is not in sync with the Podfile.lock. Run 'pod install' or update your CocoaPods installation.\" >&2\n    exit 1\nfi\n# This output is used by Xcode 'outputs' to avoid re-running this script phase.\necho \"SUCCESS\" > \"${SCRIPT_OUTPUT_FILE_0}\"\n";
			showEnvVarsInLog = 0;
		};
/* End PBXShellScriptBuildPhase section */

/* Begin PBXSourcesBuildPhase section */
		DEECA50927B5D7D9003D0553 /* Sources */ = {
			isa = PBXSourcesBuildPhase;
			buildActionMask = 2147483647;
			files = (
				DEECA51127B5D7D9003D0553 /* AppDelegate.swift in Sources */,
				DEECA51327B5D7D9003D0553 /* SceneDelegate.swift in Sources */,
				DEFF87F327B5E82400831EDB /* Repository.swift in Sources */,
				DEFF87EC27B5E28F00831EDB /* RepositoryListViewController.swift in Sources */,
				DEFF87EE27B5E3F400831EDB /* RepositoryListCell.swift in Sources */,
			);
			runOnlyForDeploymentPostprocessing = 0;
		};
/* End PBXSourcesBuildPhase section */

/* Begin PBXVariantGroup section */
		DEECA51B27B5D7D9003D0553 /* LaunchScreen.storyboard */ = {
			isa = PBXVariantGroup;
			children = (
				DEECA51C27B5D7D9003D0553 /* Base */,
			);
			name = LaunchScreen.storyboard;
			sourceTree = "<group>";
		};
/* End PBXVariantGroup section */

/* Begin XCBuildConfiguration section */
		DEECA51F27B5D7D9003D0553 /* Debug */ = {
			isa = XCBuildConfiguration;
			buildSettings = {
				ALWAYS_SEARCH_USER_PATHS = NO;
				CLANG_ANALYZER_NONNULL = YES;
				CLANG_ANALYZER_NUMBER_OBJECT_CONVERSION = YES_AGGRESSIVE;
				CLANG_CXX_LANGUAGE_STANDARD = "gnu++17";
				CLANG_CXX_LIBRARY = "libc++";
				CLANG_ENABLE_MODULES = YES;
				CLANG_ENABLE_OBJC_ARC = YES;
				CLANG_ENABLE_OBJC_WEAK = YES;
				CLANG_WARN_BLOCK_CAPTURE_AUTORELEASING = YES;
				CLANG_WARN_BOOL_CONVERSION = YES;
				CLANG_WARN_COMMA = YES;
				CLANG_WARN_CONSTANT_CONVERSION = YES;
				CLANG_WARN_DEPRECATED_OBJC_IMPLEMENTATIONS = YES;
				CLANG_WARN_DIRECT_OBJC_ISA_USAGE = YES_ERROR;
				CLANG_WARN_DOCUMENTATION_COMMENTS = YES;
				CLANG_WARN_EMPTY_BODY = YES;
				CLANG_WARN_ENUM_CONVERSION = YES;
				CLANG_WARN_INFINITE_RECURSION = YES;
				CLANG_WARN_INT_CONVERSION = YES;
				CLANG_WARN_NON_LITERAL_NULL_CONVERSION = YES;
				CLANG_WARN_OBJC_IMPLICIT_RETAIN_SELF = YES;
				CLANG_WARN_OBJC_LITERAL_CONVERSION = YES;
				CLANG_WARN_OBJC_ROOT_CLASS = YES_ERROR;
				CLANG_WARN_QUOTED_INCLUDE_IN_FRAMEWORK_HEADER = YES;
				CLANG_WARN_RANGE_LOOP_ANALYSIS = YES;
				CLANG_WARN_STRICT_PROTOTYPES = YES;
				CLANG_WARN_SUSPICIOUS_MOVE = YES;
				CLANG_WARN_UNGUARDED_AVAILABILITY = YES_AGGRESSIVE;
				CLANG_WARN_UNREACHABLE_CODE = YES;
				CLANG_WARN__DUPLICATE_METHOD_MATCH = YES;
				COPY_PHASE_STRIP = NO;
				DEBUG_INFORMATION_FORMAT = dwarf;
				ENABLE_STRICT_OBJC_MSGSEND = YES;
				ENABLE_TESTABILITY = YES;
				GCC_C_LANGUAGE_STANDARD = gnu11;
				GCC_DYNAMIC_NO_PIC = NO;
				GCC_NO_COMMON_BLOCKS = YES;
				GCC_OPTIMIZATION_LEVEL = 0;
				GCC_PREPROCESSOR_DEFINITIONS = (
					"DEBUG=1",
					"$(inherited)",
				);
				GCC_WARN_64_TO_32_BIT_CONVERSION = YES;
				GCC_WARN_ABOUT_RETURN_TYPE = YES_ERROR;
				GCC_WARN_UNDECLARED_SELECTOR = YES;
				GCC_WARN_UNINITIALIZED_AUTOS = YES_AGGRESSIVE;
				GCC_WARN_UNUSED_FUNCTION = YES;
				GCC_WARN_UNUSED_VARIABLE = YES;
				IPHONEOS_DEPLOYMENT_TARGET = 15.2;
				MTL_ENABLE_DEBUG_INFO = INCLUDE_SOURCE;
				MTL_FAST_MATH = YES;
				ONLY_ACTIVE_ARCH = YES;
				SDKROOT = iphoneos;
				SWIFT_ACTIVE_COMPILATION_CONDITIONS = DEBUG;
				SWIFT_OPTIMIZATION_LEVEL = "-Onone";
			};
			name = Debug;
		};
		DEECA52027B5D7D9003D0553 /* Release */ = {
			isa = XCBuildConfiguration;
			buildSettings = {
				ALWAYS_SEARCH_USER_PATHS = NO;
				CLANG_ANALYZER_NONNULL = YES;
				CLANG_ANALYZER_NUMBER_OBJECT_CONVERSION = YES_AGGRESSIVE;
				CLANG_CXX_LANGUAGE_STANDARD = "gnu++17";
				CLANG_CXX_LIBRARY = "libc++";
				CLANG_ENABLE_MODULES = YES;
				CLANG_ENABLE_OBJC_ARC = YES;
				CLANG_ENABLE_OBJC_WEAK = YES;
				CLANG_WARN_BLOCK_CAPTURE_AUTORELEASING = YES;
				CLANG_WARN_BOOL_CONVERSION = YES;
				CLANG_WARN_COMMA = YES;
				CLANG_WARN_CONSTANT_CONVERSION = YES;
				CLANG_WARN_DEPRECATED_OBJC_IMPLEMENTATIONS = YES;
				CLANG_WARN_DIRECT_OBJC_ISA_USAGE = YES_ERROR;
				CLANG_WARN_DOCUMENTATION_COMMENTS = YES;
				CLANG_WARN_EMPTY_BODY = YES;
				CLANG_WARN_ENUM_CONVERSION = YES;
				CLANG_WARN_INFINITE_RECURSION = YES;
				CLANG_WARN_INT_CONVERSION = YES;
				CLANG_WARN_NON_LITERAL_NULL_CONVERSION = YES;
				CLANG_WARN_OBJC_IMPLICIT_RETAIN_SELF = YES;
				CLANG_WARN_OBJC_LITERAL_CONVERSION = YES;
				CLANG_WARN_OBJC_ROOT_CLASS = YES_ERROR;
				CLANG_WARN_QUOTED_INCLUDE_IN_FRAMEWORK_HEADER = YES;
				CLANG_WARN_RANGE_LOOP_ANALYSIS = YES;
				CLANG_WARN_STRICT_PROTOTYPES = YES;
				CLANG_WARN_SUSPICIOUS_MOVE = YES;
				CLANG_WARN_UNGUARDED_AVAILABILITY = YES_AGGRESSIVE;
				CLANG_WARN_UNREACHABLE_CODE = YES;
				CLANG_WARN__DUPLICATE_METHOD_MATCH = YES;
				COPY_PHASE_STRIP = NO;
				DEBUG_INFORMATION_FORMAT = "dwarf-with-dsym";
				ENABLE_NS_ASSERTIONS = NO;
				ENABLE_STRICT_OBJC_MSGSEND = YES;
				GCC_C_LANGUAGE_STANDARD = gnu11;
				GCC_NO_COMMON_BLOCKS = YES;
				GCC_WARN_64_TO_32_BIT_CONVERSION = YES;
				GCC_WARN_ABOUT_RETURN_TYPE = YES_ERROR;
				GCC_WARN_UNDECLARED_SELECTOR = YES;
				GCC_WARN_UNINITIALIZED_AUTOS = YES_AGGRESSIVE;
				GCC_WARN_UNUSED_FUNCTION = YES;
				GCC_WARN_UNUSED_VARIABLE = YES;
				IPHONEOS_DEPLOYMENT_TARGET = 15.2;
				MTL_ENABLE_DEBUG_INFO = NO;
				MTL_FAST_MATH = YES;
				SDKROOT = iphoneos;
				SWIFT_COMPILATION_MODE = wholemodule;
				SWIFT_OPTIMIZATION_LEVEL = "-O";
				VALIDATE_PRODUCT = YES;
			};
			name = Release;
		};
		DEECA52227B5D7D9003D0553 /* Debug */ = {
			isa = XCBuildConfiguration;
			baseConfigurationReference = D469C51E63E5D7932E48E5A3 /* Pods-GithubRepository.debug.xcconfig */;
			buildSettings = {
				ASSETCATALOG_COMPILER_APPICON_NAME = AppIcon;
				ASSETCATALOG_COMPILER_GLOBAL_ACCENT_COLOR_NAME = AccentColor;
				CODE_SIGN_STYLE = Automatic;
				CURRENT_PROJECT_VERSION = 1;
				DEVELOPMENT_TEAM = J74H985T9L;
				GENERATE_INFOPLIST_FILE = YES;
				INFOPLIST_FILE = GithubRepository/Info.plist;
				INFOPLIST_KEY_UIApplicationSupportsIndirectInputEvents = YES;
				INFOPLIST_KEY_UILaunchStoryboardName = LaunchScreen;
				INFOPLIST_KEY_UIMainStoryboardFile = Main;
				INFOPLIST_KEY_UISupportedInterfaceOrientations_iPad = "UIInterfaceOrientationPortrait UIInterfaceOrientationPortraitUpsideDown UIInterfaceOrientationLandscapeLeft UIInterfaceOrientationLandscapeRight";
				INFOPLIST_KEY_UISupportedInterfaceOrientations_iPhone = "UIInterfaceOrientationPortrait UIInterfaceOrientationLandscapeLeft UIInterfaceOrientationLandscapeRight";
				LD_RUNPATH_SEARCH_PATHS = (
					"$(inherited)",
					"@executable_path/Frameworks",
				);
				MARKETING_VERSION = 1.0;
				PRODUCT_BUNDLE_IDENTIFIER = com.terry.GithubRepository;
				PRODUCT_NAME = "$(TARGET_NAME)";
				SWIFT_EMIT_LOC_STRINGS = YES;
				SWIFT_VERSION = 5.0;
				TARGETED_DEVICE_FAMILY = "1,2";
			};
			name = Debug;
		};
		DEECA52327B5D7D9003D0553 /* Release */ = {
			isa = XCBuildConfiguration;
			baseConfigurationReference = 156A779321BAC326BD730D37 /* Pods-GithubRepository.release.xcconfig */;
			buildSettings = {
				ASSETCATALOG_COMPILER_APPICON_NAME = AppIcon;
				ASSETCATALOG_COMPILER_GLOBAL_ACCENT_COLOR_NAME = AccentColor;
				CODE_SIGN_STYLE = Automatic;
				CURRENT_PROJECT_VERSION = 1;
				DEVELOPMENT_TEAM = J74H985T9L;
				GENERATE_INFOPLIST_FILE = YES;
				INFOPLIST_FILE = GithubRepository/Info.plist;
				INFOPLIST_KEY_UIApplicationSupportsIndirectInputEvents = YES;
				INFOPLIST_KEY_UILaunchStoryboardName = LaunchScreen;
				INFOPLIST_KEY_UIMainStoryboardFile = Main;
				INFOPLIST_KEY_UISupportedInterfaceOrientations_iPad = "UIInterfaceOrientationPortrait UIInterfaceOrientationPortraitUpsideDown UIInterfaceOrientationLandscapeLeft UIInterfaceOrientationLandscapeRight";
				INFOPLIST_KEY_UISupportedInterfaceOrientations_iPhone = "UIInterfaceOrientationPortrait UIInterfaceOrientationLandscapeLeft UIInterfaceOrientationLandscapeRight";
				LD_RUNPATH_SEARCH_PATHS = (
					"$(inherited)",
					"@executable_path/Frameworks",
				);
				MARKETING_VERSION = 1.0;
				PRODUCT_BUNDLE_IDENTIFIER = com.terry.GithubRepository;
				PRODUCT_NAME = "$(TARGET_NAME)";
				SWIFT_EMIT_LOC_STRINGS = YES;
				SWIFT_VERSION = 5.0;
				TARGETED_DEVICE_FAMILY = "1,2";
			};
			name = Release;
		};
/* End XCBuildConfiguration section */

/* Begin XCConfigurationList section */
		DEECA50827B5D7D9003D0553 /* Build configuration list for PBXProject "GithubRepository" */ = {
			isa = XCConfigurationList;
			buildConfigurations = (
				DEECA51F27B5D7D9003D0553 /* Debug */,
				DEECA52027B5D7D9003D0553 /* Release */,
			);
			defaultConfigurationIsVisible = 0;
			defaultConfigurationName = Release;
		};
		DEECA52127B5D7D9003D0553 /* Build configuration list for PBXNativeTarget "GithubRepository" */ = {
			isa = XCConfigurationList;
			buildConfigurations = (
				DEECA52227B5D7D9003D0553 /* Debug */,
				DEECA52327B5D7D9003D0553 /* Release */,
			);
			defaultConfigurationIsVisible = 0;
			defaultConfigurationName = Release;
		};
/* End XCConfigurationList section */

/* Begin XCRemoteSwiftPackageReference section */
		DEFF87EF27B5E45D00831EDB /* XCRemoteSwiftPackageReference "SnapKit" */ = {
			isa = XCRemoteSwiftPackageReference;
			repositoryURL = "https://github.com/SnapKit/SnapKit";
			requirement = {
				kind = upToNextMajorVersion;
				minimumVersion = 5.0.0;
			};
		};
/* End XCRemoteSwiftPackageReference section */

/* Begin XCSwiftPackageProductDependency section */
		DEFF87F027B5E45D00831EDB /* SnapKit */ = {
			isa = XCSwiftPackageProductDependency;
			package = DEFF87EF27B5E45D00831EDB /* XCRemoteSwiftPackageReference "SnapKit" */;
			productName = SnapKit;
		};
/* End XCSwiftPackageProductDependency section */
	};
	rootObject = DEECA50527B5D7D9003D0553 /* Project object */;
}
